github.com/google/go-cmp v0.5.8 h1:e6P7q2lk1O+qJJb4BtCQXlK8vWEO8V1ZeuEdJNOqZyg=
github.com/google/go-cmp v0.5.8/go.mod h1:17dUlkBOakJ0+DkrSSNjCkIjxS6bF9zb3elmeNGIjoY=
github.com/slukits/gounit v0.0.0-20220812083744-83eef2860b2c h1:Xf4jGZPLnyh9llwC6YYbDU2yBAL9K0GRGzKwRiTK7og=
github.com/slukits/gounit v0.0.0-20220812083744-83eef2860b2c/go.mod h1:BXqWfwgoce7NEcxGXuCA0rIb3d0B73LSn9Kq04UZ79I=
